
Microsoft Visual Studio Solution File, Format Version 12.00
# Visual Studio 15
VisualStudioVersion = 15.0.26228.9
MinimumVisualStudioVersion = 10.0.40219.1
Project("{D954291E-2A0B-460D-934E-DC6B0785DB48}") = "NotifyPropertyChangedBase", "NotifyPropertyChangedBase\NotifyPropertyChangedBase.shproj", "{036F1706-A135-46EA-A881-C2B334E9936D}"
EndProject
Project("{2150E333-8FDC-42A3-9474-1A3956D46DE8}") = "Solution Items", "Solution Items", "{121EBC4B-EA90-4A53-8E99-B56DA7C6646F}"
	ProjectSection(SolutionItems) = preProject
		.gitattributes = .gitattributes
		.gitignore = .gitignore
		appveyor.yml = appveyor.yml
		LICENSE.md = LICENSE.md
		README.md = README.md
		SharedAssemblyInfo.cs = SharedAssemblyInfo.cs
	EndProjectSection
EndProject
Project("{FAE04EC0-301F-11D3-BF4B-00C04F79EFBC}") = "NotifyPropertyChangedBase.Net40", "NotifyPropertyChangedBase.Net40\NotifyPropertyChangedBase.Net40.csproj", "{53CF9F37-5693-46EA-B722-0E083AE61582}"
EndProject
Project("{FAE04EC0-301F-11D3-BF4B-00C04F79EFBC}") = "NotifyPropertyChangedBase.Net45", "NotifyPropertyChangedBase.Net45\NotifyPropertyChangedBase.Net45.csproj", "{AC23EF0B-D5BD-401E-A074-4072DCA935AC}"
EndProject
Project("{FAE04EC0-301F-11D3-BF4B-00C04F79EFBC}") = "NotifyPropertyChangedBase.Uap", "NotifyPropertyChangedBase.Uap\NotifyPropertyChangedBase.Uap.csproj", "{A08CEAE6-7FE6-4B0D-9A3B-C0687BEF4D35}"
EndProject
Global
	GlobalSection(SharedMSBuildProjectFiles) = preSolution
		NotifyPropertyChangedBase\NotifyPropertyChangedBase.projitems*{036f1706-a135-46ea-a881-c2b334e9936d}*SharedItemsImports = 13
		NotifyPropertyChangedBase\NotifyPropertyChangedBase.projitems*{53cf9f37-5693-46ea-b722-0e083ae61582}*SharedItemsImports = 4
		NotifyPropertyChangedBase\NotifyPropertyChangedBase.projitems*{a08ceae6-7fe6-4b0d-9a3b-c0687bef4d35}*SharedItemsImports = 4
		NotifyPropertyChangedBase\NotifyPropertyChangedBase.projitems*{ac23ef0b-d5bd-401e-a074-4072dca935ac}*SharedItemsImports = 4
	EndGlobalSection
	GlobalSection(SolutionConfigurationPlatforms) = preSolution
		Debug|Any CPU = Debug|Any CPU
		Debug|ARM = Debug|ARM
		Debug|x64 = Debug|x64
		Debug|x86 = Debug|x86
		Release|Any CPU = Release|Any CPU
		Release|ARM = Release|ARM
		Release|x64 = Release|x64
		Release|x86 = Release|x86
	EndGlobalSection
	GlobalSection(ProjectConfigurationPlatforms) = postSolution
		{53CF9F37-5693-46EA-B722-0E083AE61582}.Debug|Any CPU.ActiveCfg = Debug|Any CPU
		{53CF9F37-5693-46EA-B722-0E083AE61582}.Debug|Any CPU.Build.0 = Debug|Any CPU
		{53CF9F37-5693-46EA-B722-0E083AE61582}.Debug|ARM.ActiveCfg = Debug|Any CPU
		{53CF9F37-5693-46EA-B722-0E083AE61582}.Debug|ARM.Build.0 = Debug|Any CPU
		{53CF9F37-5693-46EA-B722-0E083AE61582}.Debug|x64.ActiveCfg = Debug|Any CPU
		{53CF9F37-5693-46EA-B722-0E083AE61582}.Debug|x64.Build.0 = Debug|Any CPU
		{53CF9F37-5693-46EA-B722-0E083AE61582}.Debug|x86.ActiveCfg = Debug|Any CPU
		{53CF9F37-5693-46EA-B722-0E083AE61582}.Debug|x86.Build.0 = Debug|Any CPU
		{53CF9F37-5693-46EA-B722-0E083AE61582}.Release|Any CPU.ActiveCfg = Release|Any CPU
		{53CF9F37-5693-46EA-B722-0E083AE61582}.Release|Any CPU.Build.0 = Release|Any CPU
		{53CF9F37-5693-46EA-B722-0E083AE61582}.Release|ARM.ActiveCfg = Release|Any CPU
		{53CF9F37-5693-46EA-B722-0E083AE61582}.Release|ARM.Build.0 = Release|Any CPU
		{53CF9F37-5693-46EA-B722-0E083AE61582}.Release|x64.ActiveCfg = Release|Any CPU
		{53CF9F37-5693-46EA-B722-0E083AE61582}.Release|x64.Build.0 = Release|Any CPU
		{53CF9F37-5693-46EA-B722-0E083AE61582}.Release|x86.ActiveCfg = Release|Any CPU
		{53CF9F37-5693-46EA-B722-0E083AE61582}.Release|x86.Build.0 = Release|Any CPU
		{AC23EF0B-D5BD-401E-A074-4072DCA935AC}.Debug|Any CPU.ActiveCfg = Debug|Any CPU
		{AC23EF0B-D5BD-401E-A074-4072DCA935AC}.Debug|Any CPU.Build.0 = Debug|Any CPU
		{AC23EF0B-D5BD-401E-A074-4072DCA935AC}.Debug|ARM.ActiveCfg = Debug|Any CPU
		{AC23EF0B-D5BD-401E-A074-4072DCA935AC}.Debug|ARM.Build.0 = Debug|Any CPU
		{AC23EF0B-D5BD-401E-A074-4072DCA935AC}.Debug|x64.ActiveCfg = Debug|Any CPU
		{AC23EF0B-D5BD-401E-A074-4072DCA935AC}.Debug|x64.Build.0 = Debug|Any CPU
		{AC23EF0B-D5BD-401E-A074-4072DCA935AC}.Debug|x86.ActiveCfg = Debug|Any CPU
		{AC23EF0B-D5BD-401E-A074-4072DCA935AC}.Debug|x86.Build.0 = Debug|Any CPU
		{AC23EF0B-D5BD-401E-A074-4072DCA935AC}.Release|Any CPU.ActiveCfg = Release|Any CPU
		{AC23EF0B-D5BD-401E-A074-4072DCA935AC}.Release|Any CPU.Build.0 = Release|Any CPU
		{AC23EF0B-D5BD-401E-A074-4072DCA935AC}.Release|ARM.ActiveCfg = Release|Any CPU
		{AC23EF0B-D5BD-401E-A074-4072DCA935AC}.Release|ARM.Build.0 = Release|Any CPU
		{AC23EF0B-D5BD-401E-A074-4072DCA935AC}.Release|x64.ActiveCfg = Release|Any CPU
		{AC23EF0B-D5BD-401E-A074-4072DCA935AC}.Release|x64.Build.0 = Release|Any CPU
		{AC23EF0B-D5BD-401E-A074-4072DCA935AC}.Release|x86.ActiveCfg = Release|Any CPU
		{AC23EF0B-D5BD-401E-A074-4072DCA935AC}.Release|x86.Build.0 = Release|Any CPU
		{A08CEAE6-7FE6-4B0D-9A3B-C0687BEF4D35}.Debug|Any CPU.ActiveCfg = Debug|Any CPU
		{A08CEAE6-7FE6-4B0D-9A3B-C0687BEF4D35}.Debug|Any CPU.Build.0 = Debug|Any CPU
		{A08CEAE6-7FE6-4B0D-9A3B-C0687BEF4D35}.Debug|ARM.ActiveCfg = Debug|ARM
		{A08CEAE6-7FE6-4B0D-9A3B-C0687BEF4D35}.Debug|ARM.Build.0 = Debug|ARM
		{A08CEAE6-7FE6-4B0D-9A3B-C0687BEF4D35}.Debug|x64.ActiveCfg = Debug|x64
		{A08CEAE6-7FE6-4B0D-9A3B-C0687BEF4D35}.Debug|x64.Build.0 = Debug|x64
		{A08CEAE6-7FE6-4B0D-9A3B-C0687BEF4D35}.Debug|x86.ActiveCfg = Debug|x86
		{A08CEAE6-7FE6-4B0D-9A3B-C0687BEF4D35}.Debug|x86.Build.0 = Debug|x86
		{A08CEAE6-7FE6-4B0D-9A3B-C0687BEF4D35}.Release|Any CPU.ActiveCfg = Release|Any CPU
		{A08CEAE6-7FE6-4B0D-9A3B-C0687BEF4D35}.Release|Any CPU.Build.0 = Release|Any CPU
		{A08CEAE6-7FE6-4B0D-9A3B-C0687BEF4D35}.Release|ARM.ActiveCfg = Release|ARM
		{A08CEAE6-7FE6-4B0D-9A3B-C0687BEF4D35}.Release|ARM.Build.0 = Release|ARM
		{A08CEAE6-7FE6-4B0D-9A3B-C0687BEF4D35}.Release|x64.ActiveCfg = Release|x64
		{A08CEAE6-7FE6-4B0D-9A3B-C0687BEF4D35}.Release|x64.Build.0 = Release|x64
		{A08CEAE6-7FE6-4B0D-9A3B-C0687BEF4D35}.Release|x86.ActiveCfg = Release|x86
		{A08CEAE6-7FE6-4B0D-9A3B-C0687BEF4D35}.Release|x86.Build.0 = Release|x86
	EndGlobalSection
	GlobalSection(SolutionProperties) = preSolution
		HideSolutionNode = FALSE
	EndGlobalSection
EndGlobal
